// !$*UTF8*$!
{
	archiveVersion = 1;
	classes = {
	};
	objectVersion = 46;
	objects = {

/* Begin PBXBuildFile section */
		111911881E2A14B7004A1CA8 /* AppDelegate.swift in Sources */ = {isa = PBXBuildFile; fileRef = 111911871E2A14B7004A1CA8 /* AppDelegate.swift */; };
		1119118A1E2A14B7004A1CA8 /* ViewController.swift in Sources */ = {isa = PBXBuildFile; fileRef = 111911891E2A14B7004A1CA8 /* ViewController.swift */; };
		1119118D1E2A14B7004A1CA8 /* Main.storyboard in Resources */ = {isa = PBXBuildFile; fileRef = 1119118B1E2A14B7004A1CA8 /* Main.storyboard */; };
		1119118F1E2A14B7004A1CA8 /* Assets.xcassets in Resources */ = {isa = PBXBuildFile; fileRef = 1119118E1E2A14B7004A1CA8 /* Assets.xcassets */; };
		111911921E2A14B7004A1CA8 /* LaunchScreen.storyboard in Resources */ = {isa = PBXBuildFile; fileRef = 111911901E2A14B7004A1CA8 /* LaunchScreen.storyboard */; };
/* End PBXBuildFile section */

/* Begin PBXFileReference section */
		111911841E2A14B7004A1CA8 /* Social_Network.app */ = {isa = PBXFileReference; explicitFileType = wrapper.application; includeInIndex = 0; path = Social_Network.app; sourceTree = BUILT_PRODUCTS_DIR; };
		111911871E2A14B7004A1CA8 /* AppDelegate.swift */ = {isa = PBXFileReference; lastKnownFileType = sourcecode.swift; path = AppDelegate.swift; sourceTree = "<group>"; };
		111911891E2A14B7004A1CA8 /* ViewController.swift */ = {isa = PBXFileReference; lastKnownFileType = sourcecode.swift; path = ViewController.swift; sourceTree = "<group>"; };
		1119118C1E2A14B7004A1CA8 /* Base */ = {isa = PBXFileReference; lastKnownFileType = file.storyboard; name = Base; path = Base.lproj/Main.storyboard; sourceTree = "<group>"; };
		1119118E1E2A14B7004A1CA8 /* Assets.xcassets */ = {isa = PBXFileReference; lastKnownFileType = folder.assetcatalog; path = Assets.xcassets; sourceTree = "<group>"; };
		111911911E2A14B7004A1CA8 /* Base */ = {isa = PBXFileReference; lastKnownFileType = file.storyboard; name = Base; path = Base.lproj/LaunchScreen.storyboard; sourceTree = "<group>"; };
		111911931E2A14B7004A1CA8 /* Info.plist */ = {isa = PBXFileReference; lastKnownFileType = text.plist.xml; path = Info.plist; sourceTree = "<group>"; };
/* End PBXFileReference section */

/* Begin PBXFrameworksBuildPhase section */
		111911811E2A14B7004A1CA8 /* Frameworks */ = {
			isa = PBXFrameworksBuildPhase;
			buildActionMask = 2147483647;
			files = (
			);
			runOnlyForDeploymentPostprocessing = 0;
		};
/* End PBXFrameworksBuildPhase section */

/* Begin PBXGroup section */
		1119117B1E2A14B7004A1CA8 = {
			isa = PBXGroup;
			children = (
				111911861E2A14B7004A1CA8 /* Social_Network */,
				111911851E2A14B7004A1CA8 /* Products */,
			);
			sourceTree = "<group>";
		};
		111911851E2A14B7004A1CA8 /* Products */ = {
			isa = PBXGroup;
			children = (
				111911841E2A14B7004A1CA8 /* Social_Network.app */,
			);
			name = Products;
			sourceTree = "<group>";
		};
		111911861E2A14B7004A1CA8 /* Social_Network */ = {
			isa = PBXGroup;
			children = (
				111911871E2A14B7004A1CA8 /* AppDelegate.swift */,
				111911891E2A14B7004A1CA8 /* ViewController.swift */,
				1119118B1E2A14B7004A1CA8 /* Main.storyboard */,
				1119118E1E2A14B7004A1CA8 /* Assets.xcassets */,
				111911901E2A14B7004A1CA8 /* LaunchScreen.storyboard */,
				111911931E2A14B7004A1CA8 /* Info.plist */,
			);
			path = Social_Network;
			sourceTree = "<group>";
		};
/* End PBXGroup section */

/* Begin PBXNativeTarget section */
		111911831E2A14B7004A1CA8 /* Social_Network */ = {
			isa = PBXNativeTarget;
			buildConfigurationList = 111911961E2A14B7004A1CA8 /* Build configuration list for PBXNativeTarget "Social_Network" */;
			buildPhases = (
				111911801E2A14B7004A1CA8 /* Sources */,
				111911811E2A14B7004A1CA8 /* Frameworks */,
				111911821E2A14B7004A1CA8 /* Resources */,
			);
			buildRules = (
			);
			dependencies = (
			);
			name = Social_Network;
			productName = Social_Network;
			productReference = 111911841E2A14B7004A1CA8 /* Social_Network.app */;
			productType = "com.apple.product-type.application";
		};
/* End PBXNativeTarget section */

/* Begin PBXProject section */
		1119117C1E2A14B7004A1CA8 /* Project object */ = {
			isa = PBXProject;
			attributes = {
				LastSwiftUpdateCheck = 0820;
				LastUpgradeCheck = 0820;
				ORGANIZATIONNAME = "Umair Ahmad";
				TargetAttributes = {
					111911831E2A14B7004A1CA8 = {
						CreatedOnToolsVersion = 8.2.1;
						ProvisioningStyle = Automatic;
					};
				};
			};
			buildConfigurationList = 1119117F1E2A14B7004A1CA8 /* Build configuration list for PBXProject "Social_Network" */;
			compatibilityVersion = "Xcode 3.2";
			developmentRegion = English;
			hasScannedForEncodings = 0;
			knownRegions = (
				en,
				Base,
			);
			mainGroup = 1119117B1E2A14B7004A1CA8;
			productRefGroup = 111911851E2A14B7004A1CA8 /* Products */;
			projectDirPath = "";
			projectRoot = "";
			targets = (
				111911831E2A14B7004A1CA8 /* Social_Network */,
			);
		};
/* End PBXProject section */

/* Begin PBXResourcesBuildPhase section */
		111911821E2A14B7004A1CA8 /* Resources */ = {
			isa = PBXResourcesBuildPhase;
			buildActionMask = 2147483647;
			files = (
				111911921E2A14B7004A1CA8 /* LaunchScreen.storyboard in Resources */,
				1119118F1E2A14B7004A1CA8 /* Assets.xcassets in Resources */,
				1119118D1E2A14B7004A1CA8 /* Main.storyboard in Resources */,
			);
			runOnlyForDeploymentPostprocessing = 0;
		};
/* End PBXResourcesBuildPhase section */

/* Begin PBXSourcesBuildPhase section */
		111911801E2A14B7004A1CA8 /* Sources */ = {
			isa = PBXSourcesBuildPhase;
			buildActionMask = 2147483647;
			files = (
				1119118A1E2A14B7004A1CA8 /* ViewController.swift in Sources */,
				111911881E2A14B7004A1CA8 /* AppDelegate.swift in Sources */,
			);
			runOnlyForDeploymentPostprocessing = 0;
		};
/* End PBXSourcesBuildPhase section */

/* Begin PBXVariantGroup section */
		1119118B1E2A14B7004A1CA8 /* Main.storyboard */ = {
			isa = PBXVariantGroup;
			children = (
				1119118C1E2A14B7004A1CA8 /* Base */,
			);
			name = Main.storyboard;
			sourceTree = "<group>";
		};
		111911901E2A14B7004A1CA8 /* LaunchScreen.storyboard */ = {
			isa = PBXVariantGroup;
			children = (
				111911911E2A14B7004A1CA8 /* Base */,
			);
			name = LaunchScreen.storyboard;
			sourceTree = "<group>";
		};
/* End PBXVariantGroup section */

/* Begin XCBuildConfiguration section */
		111911941E2A14B7004A1CA8 /* Debug */ = {
			isa = XCBuildConfiguration;
			buildSettings = {
				ALWAYS_SEARCH_USER_PATHS = NO;
				CLANG_ANALYZER_NONNULL = YES;
				CLANG_CXX_LANGUAGE_STANDARD = "gnu++0x";
				CLANG_CXX_LIBRARY = "libc++";
				CLANG_ENABLE_MODULES = YES;
				CLANG_ENABLE_OBJC_ARC = YES;
				CLANG_WARN_BOOL_CONVERSION = YES;
				CLANG_WARN_CONSTANT_CONVERSION = YES;
				CLANG_WARN_DIRECT_OBJC_ISA_USAGE = YES_ERROR;
				CLANG_WARN_DOCUMENTATION_COMMENTS = YES;
				CLANG_WARN_EMPTY_BODY = YES;
				CLANG_WARN_ENUM_CONVERSION = YES;
				CLANG_WARN_INFINITE_RECURSION = YES;
				CLANG_WARN_INT_CONVERSION = YES;
				CLANG_WARN_OBJC_ROOT_CLASS = YES_ERROR;
				CLANG_WARN_SUSPICIOUS_MOVE = YES;
				CLANG_WARN_UNREACHABLE_CODE = YES;
				CLANG_WARN__DUPLICATE_METHOD_MATCH = YES;
				"CODE_SIGN_IDENTITY[sdk=iphoneos*]" = "iPhone Developer";
				COPY_PHASE_STRIP = NO;
				DEBUG_INFORMATION_FORMAT = dwarf;
				ENABLE_STRICT_OBJC_MSGSEND = YES;
				ENABLE_TESTABILITY = YES;
				GCC_C_LANGUAGE_STANDARD = gnu99;
				GCC_DYNAMIC_NO_PIC = NO;
				GCC_NO_COMMON_BLOCKS = YES;
				GCC_OPTIMIZATION_LEVEL = 0;
				GCC_PREPROCESSOR_DEFINITIONS = (
					"DEBUG=1",
					"$(inherited)",
				);
				GCC_WARN_64_TO_32_BIT_CONVERSION = YES;
				GCC_WARN_ABOUT_RETURN_TYPE = YES_ERROR;
				GCC_WARN_UNDECLARED_SELECTOR = YES;
				GCC_WARN_UNINITIALIZED_AUTOS = YES_AGGRESSIVE;
				GCC_WARN_UNUSED_FUNCTION = YES;
				GCC_WARN_UNUSED_VARIABLE = YES;
				IPHONEOS_DEPLOYMENT_TARGET = 10.2;
				MTL_ENABLE_DEBUG_INFO = YES;
				ONLY_ACTIVE_ARCH = YES;
				SDKROOT = iphoneos;
				SWIFT_ACTIVE_COMPILATION_CONDITIONS = DEBUG;
				SWIFT_OPTIMIZATION_LEVEL = "-Onone";
				TARGETED_DEVICE_FAMILY = "1,2";
			};
			name = Debug;
		};
		111911951E2A14B7004A1CA8 /* Release */ = {
			isa = XCBuildConfiguration;
			buildSettings = {
				ALWAYS_SEARCH_USER_PATHS = NO;
				CLANG_ANALYZER_NONNULL = YES;
				CLANG_CXX_LANGUAGE_STANDARD = "gnu++0x";
				CLANG_CXX_LIBRARY = "libc++";
				CLANG_ENABLE_MODULES = YES;
				CLANG_ENABLE_OBJC_ARC = YES;
				CLANG_WARN_BOOL_CONVERSION = YES;
				CLANG_WARN_CONSTANT_CONVERSION = YES;
				CLANG_WARN_DIRECT_OBJC_ISA_USAGE = YES_ERROR;
				CLANG_WARN_DOCUMENTATION_COMMENTS = YES;
				CLANG_WARN_EMPTY_BODY = YES;
				CLANG_WARN_ENUM_CONVERSION = YES;
				CLANG_WARN_INFINITE_RECURSION = YES;
				CLANG_WARN_INT_CONVERSION = YES;
				CLANG_WARN_OBJC_ROOT_CLASS = YES_ERROR;
				CLANG_WARN_SUSPICIOUS_MOVE = YES;
				CLANG_WARN_UNREACHABLE_CODE = YES;
				CLANG_WARN__DUPLICATE_METHOD_MATCH = YES;
				"CODE_SIGN_IDENTITY[sdk=iphoneos*]" = "iPhone Developer";
				COPY_PHASE_STRIP = NO;
				DEBUG_INFORMATION_FORMAT = "dwarf-with-dsym";
				ENABLE_NS_ASSERTIONS = NO;
				ENABLE_STRICT_OBJC_MSGSEND = YES;
				GCC_C_LANGUAGE_STANDARD = gnu99;
				GCC_NO_COMMON_BLOCKS = YES;
				GCC_WARN_64_TO_32_BIT_CONVERSION = YES;
				GCC_WARN_ABOUT_RETURN_TYPE = YES_ERROR;
				GCC_WARN_UNDECLARED_SELECTOR = YES;
				GCC_WARN_UNINITIALIZED_AUTOS = YES_AGGRESSIVE;
				GCC_WARN_UNUSED_FUNCTION = YES;
				GCC_WARN_UNUSED_VARIABLE = YES;
				IPHONEOS_DEPLOYMENT_TARGET = 10.2;
				MTL_ENABLE_DEBUG_INFO = NO;
				SDKROOT = iphoneos;
				SWIFT_OPTIMIZATION_LEVEL = "-Owholemodule";
				TARGETED_DEVICE_FAMILY = "1,2";
				VALIDATE_PRODUCT = YES;
			};
			name = Release;
		};
		111911971E2A14B7004A1CA8 /* Debug */ = {
			isa = XCBuildConfiguration;
			buildSettings = {
				ASSETCATALOG_COMPILER_APPICON_NAME = AppIcon;
				INFOPLIST_FILE = Social_Network/Info.plist;
				LD_RUNPATH_SEARCH_PATHS = "$(inherited) @executable_path/Frameworks";
				PRODUCT_BUNDLE_IDENTIFIER = "com.blogspot.umair4U.Social-Network";
				PRODUCT_NAME = "$(TARGET_NAME)";
				SWIFT_VERSION = 3.0;
			};
			name = Debug;
		};
		111911981E2A14B7004A1CA8 /* Release */ = {
			isa = XCBuildConfiguration;
			buildSettings = {
				ASSETCATALOG_COMPILER_APPICON_NAME = AppIcon;
				INFOPLIST_FILE = Social_Network/Info.plist;
				LD_RUNPATH_SEARCH_PATHS = "$(inherited) @executable_path/Frameworks";
				PRODUCT_BUNDLE_IDENTIFIER = "com.blogspot.umair4U.Social-Network";
				PRODUCT_NAME = "$(TARGET_NAME)";
				SWIFT_VERSION = 3.0;
			};
			name = Release;
		};
/* End XCBuildConfiguration section */

/* Begin XCConfigurationList section */
		1119117F1E2A14B7004A1CA8 /* Build configuration list for PBXProject "Social_Network" */ = {
			isa = XCConfigurationList;
			buildConfigurations = (
				111911941E2A14B7004A1CA8 /* Debug */,
				111911951E2A14B7004A1CA8 /* Release */,
			);
			defaultConfigurationIsVisible = 0;
			defaultConfigurationName = Release;
		};
		111911961E2A14B7004A1CA8 /* Build configuration list for PBXNativeTarget "Social_Network" */ = {
			isa = XCConfigurationList;
			buildConfigurations = (
				111911971E2A14B7004A1CA8 /* Debug */,
				111911981E2A14B7004A1CA8 /* Release */,
			);
			defaultConfigurationIsVisible = 0;
		};
/* End XCConfigurationList section */
	};
	rootObject = 1119117C1E2A14B7004A1CA8 /* Project object */;
}
